
Microsoft Visual Studio Solution File, Format Version 12.00
# Visual Studio Version 17
VisualStudioVersion = 17.6.33829.357
MinimumVisualStudioVersion = 10.0.40219.1
Project("{FAE04EC0-301F-11D3-BF4B-00C04F79EFBC}") = "userMS", "userMS.csproj", "{76A32E15-0B72-46FA-A429-D4EF604966B5}"
EndProject
Global
	GlobalSection(SolutionConfigurationPlatforms) = preSolution
		Debug|Any CPU = Debug|Any CPU
		Release|Any CPU = Release|Any CPU
	EndGlobalSection
	GlobalSection(ProjectConfigurationPlatforms) = postSolution
		{76A32E15-0B72-46FA-A429-D4EF604966B5}.Debug|Any CPU.ActiveCfg = Debug|Any CPU
		{76A32E15-0B72-46FA-A429-D4EF604966B5}.Debug|Any CPU.Build.0 = Debug|Any CPU
		{76A32E15-0B72-46FA-A429-D4EF604966B5}.Release|Any CPU.ActiveCfg = Release|Any CPU
		{76A32E15-0B72-46FA-A429-D4EF604966B5}.Release|Any CPU.Build.0 = Release|Any CPU
	EndGlobalSection
	GlobalSection(SolutionProperties) = preSolution
		HideSolutionNode = FALSE
	EndGlobalSection
	GlobalSection(ExtensibilityGlobals) = postSolution
		SolutionGuid = {752EA898-A6CB-436F-B142-4C0F5B89657F}
	EndGlobalSection
EndGlobal
